
Microsoft Visual Studio Solution File, Format Version 12.00
# Visual Studio Version 17
VisualStudioVersion = 17.11.35312.102
MinimumVisualStudioVersion = 10.0.40219.1
Project("{FAE04EC0-301F-11D3-BF4B-00C04F79EFBC}") = "SalesAnalysisPlatform.Infrastructure", "SalesAnalysisPlatform.Infrastructure\SalesAnalysisPlatform.Infrastructure.csproj", "{1F9A364E-B3D0-4B84-A117-44097BC1122F}"
EndProject
Project("{FAE04EC0-301F-11D3-BF4B-00C04F79EFBC}") = "SalesAnalysisPlatform.Application", "SalesAnalysisPlatform.Application\SalesAnalysisPlatform.Application.csproj", "{985292DA-B00D-4A41-87E2-3A4C0463BB22}"
EndProject
Project("{FAE04EC0-301F-11D3-BF4B-00C04F79EFBC}") = "SalesAnalysisPlatform.Domain", "SalesAnalysisPlatform.Domain\SalesAnalysisPlatform.Domain.csproj", "{6E887759-C942-49CE-BACA-19B90AED26DB}"
EndProject
Project("{FAE04EC0-301F-11D3-BF4B-00C04F79EFBC}") = "SalesAnalysisPlatform.Web", "SalesAnalysisPlatform.Web\SalesAnalysisPlatform.Web.csproj", "{694156C0-A0B1-49CD-914D-998CD7AA7EA7}"
EndProject
Project("{FAE04EC0-301F-11D3-BF4B-00C04F79EFBC}") = "SalesAnalysisPlatform.Api", "SalesAnalysisPlatform.Api\SalesAnalysisPlatform.Api.csproj", "{ED3AEF5E-EEDB-4906-88BB-75E412DA38A2}"
EndProject
Global
	GlobalSection(SolutionConfigurationPlatforms) = preSolution
		Debug|Any CPU = Debug|Any CPU
		Release|Any CPU = Release|Any CPU
	EndGlobalSection
	GlobalSection(ProjectConfigurationPlatforms) = postSolution
		{1F9A364E-B3D0-4B84-A117-44097BC1122F}.Debug|Any CPU.ActiveCfg = Debug|Any CPU
		{1F9A364E-B3D0-4B84-A117-44097BC1122F}.Debug|Any CPU.Build.0 = Debug|Any CPU
		{1F9A364E-B3D0-4B84-A117-44097BC1122F}.Release|Any CPU.ActiveCfg = Release|Any CPU
		{1F9A364E-B3D0-4B84-A117-44097BC1122F}.Release|Any CPU.Build.0 = Release|Any CPU
		{985292DA-B00D-4A41-87E2-3A4C0463BB22}.Debug|Any CPU.ActiveCfg = Debug|Any CPU
		{985292DA-B00D-4A41-87E2-3A4C0463BB22}.Debug|Any CPU.Build.0 = Debug|Any CPU
		{985292DA-B00D-4A41-87E2-3A4C0463BB22}.Release|Any CPU.ActiveCfg = Release|Any CPU
		{985292DA-B00D-4A41-87E2-3A4C0463BB22}.Release|Any CPU.Build.0 = Release|Any CPU
		{6E887759-C942-49CE-BACA-19B90AED26DB}.Debug|Any CPU.ActiveCfg = Debug|Any CPU
		{6E887759-C942-49CE-BACA-19B90AED26DB}.Debug|Any CPU.Build.0 = Debug|Any CPU
		{6E887759-C942-49CE-BACA-19B90AED26DB}.Release|Any CPU.ActiveCfg = Release|Any CPU
		{6E887759-C942-49CE-BACA-19B90AED26DB}.Release|Any CPU.Build.0 = Release|Any CPU
		{694156C0-A0B1-49CD-914D-998CD7AA7EA7}.Debug|Any CPU.ActiveCfg = Debug|Any CPU
		{694156C0-A0B1-49CD-914D-998CD7AA7EA7}.Debug|Any CPU.Build.0 = Debug|Any CPU
		{694156C0-A0B1-49CD-914D-998CD7AA7EA7}.Release|Any CPU.ActiveCfg = Release|Any CPU
		{694156C0-A0B1-49CD-914D-998CD7AA7EA7}.Release|Any CPU.Build.0 = Release|Any CPU
		{ED3AEF5E-EEDB-4906-88BB-75E412DA38A2}.Debug|Any CPU.ActiveCfg = Debug|Any CPU
		{ED3AEF5E-EEDB-4906-88BB-75E412DA38A2}.Debug|Any CPU.Build.0 = Debug|Any CPU
		{ED3AEF5E-EEDB-4906-88BB-75E412DA38A2}.Release|Any CPU.ActiveCfg = Release|Any CPU
		{ED3AEF5E-EEDB-4906-88BB-75E412DA38A2}.Release|Any CPU.Build.0 = Release|Any CPU
	EndGlobalSection
	GlobalSection(SolutionProperties) = preSolution
		HideSolutionNode = FALSE
	EndGlobalSection
	GlobalSection(ExtensibilityGlobals) = postSolution
		SolutionGuid = {74A76265-A52E-488E-B041-217CF062A31C}
	EndGlobalSection
EndGlobal
